github.com/olekukonko/cat v0.0.0-20250808185521-0d9f5959211f h1:ttD8kf/e7ZWCoQohfY/5qhUuoUfjmCgaGL/5zRNwM4c=
github.com/olekukonko/cat v0.0.0-20250808185521-0d9f5959211f/go.mod h1:rEKTHC9roVVicUIfZK7DYrdIoM0EOr8mK1Hj5s3JjH0=
github.com/olekukonko/cat v0.0.0-20250808191157-46fba99501f3 h1:3o1yj5hu9LOTwjey1RE0IBaB4u1HCLbD+lDPhJrl8Y4=
github.com/olekukonko/cat v0.0.0-20250808191157-46fba99501f3/go.mod h1:rEKTHC9roVVicUIfZK7DYrdIoM0EOr8mK1Hj5s3JjH0=
github.com/olekukonko/cat v0.0.0-20250908003013-b0de306c343b h1:ETHdAZIK6j939sa2x8/NlbU8OKn5Cotyjxn1VRypLhw=
github.com/olekukonko/cat v0.0.0-20250908003013-b0de306c343b/go.mod h1:rEKTHC9roVVicUIfZK7DYrdIoM0EOr8mK1Hj5s3JjH0=
